// !$*UTF8*$!
{
	archiveVersion = 1;
	classes = {
	};
	objectVersion = 55;
	objects = {

/* Begin PBXBuildFile section */
		D048B3B52847EF0700AB96DF /* Reminders+CoreDataClass.swift in Sources */ = {isa = PBXBuildFile; fileRef = D048B3B32847EF0700AB96DF /* Reminders+CoreDataClass.swift */; };
		D048B3B62847EF0700AB96DF /* Reminders+CoreDataProperties.swift in Sources */ = {isa = PBXBuildFile; fileRef = D048B3B42847EF0700AB96DF /* Reminders+CoreDataProperties.swift */; };
		D0FB40D528469F11004FDA17 /* AppDelegate.swift in Sources */ = {isa = PBXBuildFile; fileRef = D0FB40D428469F11004FDA17 /* AppDelegate.swift */; };
		D0FB40D728469F11004FDA17 /* SceneDelegate.swift in Sources */ = {isa = PBXBuildFile; fileRef = D0FB40D628469F11004FDA17 /* SceneDelegate.swift */; };
		D0FB40D928469F11004FDA17 /* ViewController.swift in Sources */ = {isa = PBXBuildFile; fileRef = D0FB40D828469F11004FDA17 /* ViewController.swift */; };
		D0FB40DF28469F11004FDA17 /* coredata_demo.xcdatamodeld in Sources */ = {isa = PBXBuildFile; fileRef = D0FB40DD28469F11004FDA17 /* coredata_demo.xcdatamodeld */; };
		D0FB40E128469F12004FDA17 /* Assets.xcassets in Resources */ = {isa = PBXBuildFile; fileRef = D0FB40E028469F12004FDA17 /* Assets.xcassets */; };
		D0FB40EF28469F12004FDA17 /* coredata_demoTests.swift in Sources */ = {isa = PBXBuildFile; fileRef = D0FB40EE28469F12004FDA17 /* coredata_demoTests.swift */; };
		D0FB40F928469F12004FDA17 /* coredata_demoUITests.swift in Sources */ = {isa = PBXBuildFile; fileRef = D0FB40F828469F12004FDA17 /* coredata_demoUITests.swift */; };
		D0FB40FB28469F12004FDA17 /* coredata_demoUITestsLaunchTests.swift in Sources */ = {isa = PBXBuildFile; fileRef = D0FB40FA28469F12004FDA17 /* coredata_demoUITestsLaunchTests.swift */; };
/* End PBXBuildFile section */

/* Begin PBXContainerItemProxy section */
		D0FB40EB28469F12004FDA17 /* PBXContainerItemProxy */ = {
			isa = PBXContainerItemProxy;
			containerPortal = D0FB40C928469F11004FDA17 /* Project object */;
			proxyType = 1;
			remoteGlobalIDString = D0FB40D028469F11004FDA17;
			remoteInfo = "coredata-demo";
		};
		D0FB40F528469F12004FDA17 /* PBXContainerItemProxy */ = {
			isa = PBXContainerItemProxy;
			containerPortal = D0FB40C928469F11004FDA17 /* Project object */;
			proxyType = 1;
			remoteGlobalIDString = D0FB40D028469F11004FDA17;
			remoteInfo = "coredata-demo";
		};
/* End PBXContainerItemProxy section */

/* Begin PBXFileReference section */
		D048B3B32847EF0700AB96DF /* Reminders+CoreDataClass.swift */ = {isa = PBXFileReference; lastKnownFileType = sourcecode.swift; path = "Reminders+CoreDataClass.swift"; sourceTree = "<group>"; };
		D048B3B42847EF0700AB96DF /* Reminders+CoreDataProperties.swift */ = {isa = PBXFileReference; lastKnownFileType = sourcecode.swift; path = "Reminders+CoreDataProperties.swift"; sourceTree = "<group>"; };
		D0FB40D128469F11004FDA17 /* coredata-demo.app */ = {isa = PBXFileReference; explicitFileType = wrapper.application; includeInIndex = 0; path = "coredata-demo.app"; sourceTree = BUILT_PRODUCTS_DIR; };
		D0FB40D428469F11004FDA17 /* AppDelegate.swift */ = {isa = PBXFileReference; lastKnownFileType = sourcecode.swift; path = AppDelegate.swift; sourceTree = "<group>"; };
		D0FB40D628469F11004FDA17 /* SceneDelegate.swift */ = {isa = PBXFileReference; lastKnownFileType = sourcecode.swift; path = SceneDelegate.swift; sourceTree = "<group>"; };
		D0FB40D828469F11004FDA17 /* ViewController.swift */ = {isa = PBXFileReference; lastKnownFileType = sourcecode.swift; path = ViewController.swift; sourceTree = "<group>"; };
		D0FB40DE28469F11004FDA17 /* coredata_demo.xcdatamodel */ = {isa = PBXFileReference; lastKnownFileType = wrapper.xcdatamodel; path = coredata_demo.xcdatamodel; sourceTree = "<group>"; };
		D0FB40E028469F12004FDA17 /* Assets.xcassets */ = {isa = PBXFileReference; lastKnownFileType = folder.assetcatalog; path = Assets.xcassets; sourceTree = "<group>"; };
		D0FB40E528469F12004FDA17 /* Info.plist */ = {isa = PBXFileReference; lastKnownFileType = text.plist.xml; path = Info.plist; sourceTree = "<group>"; };
		D0FB40EA28469F12004FDA17 /* coredata-demoTests.xctest */ = {isa = PBXFileReference; explicitFileType = wrapper.cfbundle; includeInIndex = 0; path = "coredata-demoTests.xctest"; sourceTree = BUILT_PRODUCTS_DIR; };
		D0FB40EE28469F12004FDA17 /* coredata_demoTests.swift */ = {isa = PBXFileReference; lastKnownFileType = sourcecode.swift; path = coredata_demoTests.swift; sourceTree = "<group>"; };
		D0FB40F428469F12004FDA17 /* coredata-demoUITests.xctest */ = {isa = PBXFileReference; explicitFileType = wrapper.cfbundle; includeInIndex = 0; path = "coredata-demoUITests.xctest"; sourceTree = BUILT_PRODUCTS_DIR; };
		D0FB40F828469F12004FDA17 /* coredata_demoUITests.swift */ = {isa = PBXFileReference; lastKnownFileType = sourcecode.swift; path = coredata_demoUITests.swift; sourceTree = "<group>"; };
		D0FB40FA28469F12004FDA17 /* coredata_demoUITestsLaunchTests.swift */ = {isa = PBXFileReference; lastKnownFileType = sourcecode.swift; path = coredata_demoUITestsLaunchTests.swift; sourceTree = "<group>"; };
/* End PBXFileReference section */

/* Begin PBXFrameworksBuildPhase section */
		D0FB40CE28469F11004FDA17 /* Frameworks */ = {
			isa = PBXFrameworksBuildPhase;
			buildActionMask = 2147483647;
			files = (
			);
			runOnlyForDeploymentPostprocessing = 0;
		};
		D0FB40E728469F12004FDA17 /* Frameworks */ = {
			isa = PBXFrameworksBuildPhase;
			buildActionMask = 2147483647;
			files = (
			);
			runOnlyForDeploymentPostprocessing = 0;
		};
		D0FB40F128469F12004FDA17 /* Frameworks */ = {
			isa = PBXFrameworksBuildPhase;
			buildActionMask = 2147483647;
			files = (
			);
			runOnlyForDeploymentPostprocessing = 0;
		};
/* End PBXFrameworksBuildPhase section */

/* Begin PBXGroup section */
		D0FB40C828469F11004FDA17 = {
			isa = PBXGroup;
			children = (
				D048B3B32847EF0700AB96DF /* Reminders+CoreDataClass.swift */,
				D048B3B42847EF0700AB96DF /* Reminders+CoreDataProperties.swift */,
				D0FB410B2846A411004FDA17 /* Model */,
				D0FB40D328469F11004FDA17 /* coredata-demo */,
				D0FB40ED28469F12004FDA17 /* coredata-demoTests */,
				D0FB40F728469F12004FDA17 /* coredata-demoUITests */,
				D0FB40D228469F11004FDA17 /* Products */,
			);
			sourceTree = "<group>";
		};
		D0FB40D228469F11004FDA17 /* Products */ = {
			isa = PBXGroup;
			children = (
				D0FB40D128469F11004FDA17 /* coredata-demo.app */,
				D0FB40EA28469F12004FDA17 /* coredata-demoTests.xctest */,
				D0FB40F428469F12004FDA17 /* coredata-demoUITests.xctest */,
			);
			name = Products;
			sourceTree = "<group>";
		};
		D0FB40D328469F11004FDA17 /* coredata-demo */ = {
			isa = PBXGroup;
			children = (
				D0FB40D428469F11004FDA17 /* AppDelegate.swift */,
				D0FB40D628469F11004FDA17 /* SceneDelegate.swift */,
				D0FB40D828469F11004FDA17 /* ViewController.swift */,
				D0FB40E028469F12004FDA17 /* Assets.xcassets */,
				D0FB40E528469F12004FDA17 /* Info.plist */,
				D0FB40DD28469F11004FDA17 /* coredata_demo.xcdatamodeld */,
			);
			path = "coredata-demo";
			sourceTree = "<group>";
		};
		D0FB40ED28469F12004FDA17 /* coredata-demoTests */ = {
			isa = PBXGroup;
			children = (
				D0FB40EE28469F12004FDA17 /* coredata_demoTests.swift */,
			);
			path = "coredata-demoTests";
			sourceTree = "<group>";
		};
		D0FB40F728469F12004FDA17 /* coredata-demoUITests */ = {
			isa = PBXGroup;
			children = (
				D0FB40F828469F12004FDA17 /* coredata_demoUITests.swift */,
				D0FB40FA28469F12004FDA17 /* coredata_demoUITestsLaunchTests.swift */,
			);
			path = "coredata-demoUITests";
			sourceTree = "<group>";
		};
		D0FB410B2846A411004FDA17 /* Model */ = {
			isa = PBXGroup;
			children = (
			);
			path = Model;
			sourceTree = "<group>";
		};
/* End PBXGroup section */

/* Begin PBXNativeTarget section */
		D0FB40D028469F11004FDA17 /* coredata-demo */ = {
			isa = PBXNativeTarget;
			buildConfigurationList = D0FB40FE28469F12004FDA17 /* Build configuration list for PBXNativeTarget "coredata-demo" */;
			buildPhases = (
				D0FB40CD28469F11004FDA17 /* Sources */,
				D0FB40CE28469F11004FDA17 /* Frameworks */,
				D0FB40CF28469F11004FDA17 /* Resources */,
			);
			buildRules = (
			);
			dependencies = (
			);
			name = "coredata-demo";
			productName = "coredata-demo";
			productReference = D0FB40D128469F11004FDA17 /* coredata-demo.app */;
			productType = "com.apple.product-type.application";
		};
		D0FB40E928469F12004FDA17 /* coredata-demoTests */ = {
			isa = PBXNativeTarget;
			buildConfigurationList = D0FB410128469F12004FDA17 /* Build configuration list for PBXNativeTarget "coredata-demoTests" */;
			buildPhases = (
				D0FB40E628469F12004FDA17 /* Sources */,
				D0FB40E728469F12004FDA17 /* Frameworks */,
				D0FB40E828469F12004FDA17 /* Resources */,
			);
			buildRules = (
			);
			dependencies = (
				D0FB40EC28469F12004FDA17 /* PBXTargetDependency */,
			);
			name = "coredata-demoTests";
			productName = "coredata-demoTests";
			productReference = D0FB40EA28469F12004FDA17 /* coredata-demoTests.xctest */;
			productType = "com.apple.product-type.bundle.unit-test";
		};
		D0FB40F328469F12004FDA17 /* coredata-demoUITests */ = {
			isa = PBXNativeTarget;
			buildConfigurationList = D0FB410428469F12004FDA17 /* Build configuration list for PBXNativeTarget "coredata-demoUITests" */;
			buildPhases = (
				D0FB40F028469F12004FDA17 /* Sources */,
				D0FB40F128469F12004FDA17 /* Frameworks */,
				D0FB40F228469F12004FDA17 /* Resources */,
			);
			buildRules = (
			);
			dependencies = (
				D0FB40F628469F12004FDA17 /* PBXTargetDependency */,
			);
			name = "coredata-demoUITests";
			productName = "coredata-demoUITests";
			productReference = D0FB40F428469F12004FDA17 /* coredata-demoUITests.xctest */;
			productType = "com.apple.product-type.bundle.ui-testing";
		};
/* End PBXNativeTarget section */

/* Begin PBXProject section */
		D0FB40C928469F11004FDA17 /* Project object */ = {
			isa = PBXProject;
			attributes = {
				BuildIndependentTargetsInParallel = 1;
				LastSwiftUpdateCheck = 1330;
				LastUpgradeCheck = 1330;
				TargetAttributes = {
					D0FB40D028469F11004FDA17 = {
						CreatedOnToolsVersion = 13.3;
					};
					D0FB40E928469F12004FDA17 = {
						CreatedOnToolsVersion = 13.3;
						TestTargetID = D0FB40D028469F11004FDA17;
					};
					D0FB40F328469F12004FDA17 = {
						CreatedOnToolsVersion = 13.3;
						TestTargetID = D0FB40D028469F11004FDA17;
					};
				};
			};
			buildConfigurationList = D0FB40CC28469F11004FDA17 /* Build configuration list for PBXProject "coredata-demo" */;
			compatibilityVersion = "Xcode 13.0";
			developmentRegion = en;
			hasScannedForEncodings = 0;
			knownRegions = (
				en,
				Base,
			);
			mainGroup = D0FB40C828469F11004FDA17;
			productRefGroup = D0FB40D228469F11004FDA17 /* Products */;
			projectDirPath = "";
			projectRoot = "";
			targets = (
				D0FB40D028469F11004FDA17 /* coredata-demo */,
				D0FB40E928469F12004FDA17 /* coredata-demoTests */,
				D0FB40F328469F12004FDA17 /* coredata-demoUITests */,
			);
		};
/* End PBXProject section */

/* Begin PBXResourcesBuildPhase section */
		D0FB40CF28469F11004FDA17 /* Resources */ = {
			isa = PBXResourcesBuildPhase;
			buildActionMask = 2147483647;
			files = (
				D0FB40E128469F12004FDA17 /* Assets.xcassets in Resources */,
			);
			runOnlyForDeploymentPostprocessing = 0;
		};
		D0FB40E828469F12004FDA17 /* Resources */ = {
			isa = PBXResourcesBuildPhase;
			buildActionMask = 2147483647;
			files = (
			);
			runOnlyForDeploymentPostprocessing = 0;
		};
		D0FB40F228469F12004FDA17 /* Resources */ = {
			isa = PBXResourcesBuildPhase;
			buildActionMask = 2147483647;
			files = (
			);
			runOnlyForDeploymentPostprocessing = 0;
		};
/* End PBXResourcesBuildPhase section */

/* Begin PBXSourcesBuildPhase section */
		D0FB40CD28469F11004FDA17 /* Sources */ = {
			isa = PBXSourcesBuildPhase;
			buildActionMask = 2147483647;
			files = (
				D0FB40D928469F11004FDA17 /* ViewController.swift in Sources */,
				D0FB40DF28469F11004FDA17 /* coredata_demo.xcdatamodeld in Sources */,
				D048B3B52847EF0700AB96DF /* Reminders+CoreDataClass.swift in Sources */,
				D0FB40D528469F11004FDA17 /* AppDelegate.swift in Sources */,
				D0FB40D728469F11004FDA17 /* SceneDelegate.swift in Sources */,
				D048B3B62847EF0700AB96DF /* Reminders+CoreDataProperties.swift in Sources */,
			);
			runOnlyForDeploymentPostprocessing = 0;
		};
		D0FB40E628469F12004FDA17 /* Sources */ = {
			isa = PBXSourcesBuildPhase;
			buildActionMask = 2147483647;
			files = (
				D0FB40EF28469F12004FDA17 /* coredata_demoTests.swift in Sources */,
			);
			runOnlyForDeploymentPostprocessing = 0;
		};
		D0FB40F028469F12004FDA17 /* Sources */ = {
			isa = PBXSourcesBuildPhase;
			buildActionMask = 2147483647;
			files = (
				D0FB40FB28469F12004FDA17 /* coredata_demoUITestsLaunchTests.swift in Sources */,
				D0FB40F928469F12004FDA17 /* coredata_demoUITests.swift in Sources */,
			);
			runOnlyForDeploymentPostprocessing = 0;
		};
/* End PBXSourcesBuildPhase section */

/* Begin PBXTargetDependency section */
		D0FB40EC28469F12004FDA17 /* PBXTargetDependency */ = {
			isa = PBXTargetDependency;
			target = D0FB40D028469F11004FDA17 /* coredata-demo */;
			targetProxy = D0FB40EB28469F12004FDA17 /* PBXContainerItemProxy */;
		};
		D0FB40F628469F12004FDA17 /* PBXTargetDependency */ = {
			isa = PBXTargetDependency;
			target = D0FB40D028469F11004FDA17 /* coredata-demo */;
			targetProxy = D0FB40F528469F12004FDA17 /* PBXContainerItemProxy */;
		};
/* End PBXTargetDependency section */

/* Begin XCBuildConfiguration section */
		D0FB40FC28469F12004FDA17 /* Debug */ = {
			isa = XCBuildConfiguration;
			buildSettings = {
				ALWAYS_SEARCH_USER_PATHS = NO;
				CLANG_ANALYZER_NONNULL = YES;
				CLANG_ANALYZER_NUMBER_OBJECT_CONVERSION = YES_AGGRESSIVE;
				CLANG_CXX_LANGUAGE_STANDARD = "gnu++17";
				CLANG_ENABLE_MODULES = YES;
				CLANG_ENABLE_OBJC_ARC = YES;
				CLANG_ENABLE_OBJC_WEAK = YES;
				CLANG_WARN_BLOCK_CAPTURE_AUTORELEASING = YES;
				CLANG_WARN_BOOL_CONVERSION = YES;
				CLANG_WARN_COMMA = YES;
				CLANG_WARN_CONSTANT_CONVERSION = YES;
				CLANG_WARN_DEPRECATED_OBJC_IMPLEMENTATIONS = YES;
				CLANG_WARN_DIRECT_OBJC_ISA_USAGE = YES_ERROR;
				CLANG_WARN_DOCUMENTATION_COMMENTS = YES;
				CLANG_WARN_EMPTY_BODY = YES;
				CLANG_WARN_ENUM_CONVERSION = YES;
				CLANG_WARN_INFINITE_RECURSION = YES;
				CLANG_WARN_INT_CONVERSION = YES;
				CLANG_WARN_NON_LITERAL_NULL_CONVERSION = YES;
				CLANG_WARN_OBJC_IMPLICIT_RETAIN_SELF = YES;
				CLANG_WARN_OBJC_LITERAL_CONVERSION = YES;
				CLANG_WARN_OBJC_ROOT_CLASS = YES_ERROR;
				CLANG_WARN_QUOTED_INCLUDE_IN_FRAMEWORK_HEADER = YES;
				CLANG_WARN_RANGE_LOOP_ANALYSIS = YES;
				CLANG_WARN_STRICT_PROTOTYPES = YES;
				CLANG_WARN_SUSPICIOUS_MOVE = YES;
				CLANG_WARN_UNGUARDED_AVAILABILITY = YES_AGGRESSIVE;
				CLANG_WARN_UNREACHABLE_CODE = YES;
				CLANG_WARN__DUPLICATE_METHOD_MATCH = YES;
				COPY_PHASE_STRIP = NO;
				DEBUG_INFORMATION_FORMAT = dwarf;
				ENABLE_STRICT_OBJC_MSGSEND = YES;
				ENABLE_TESTABILITY = YES;
				GCC_C_LANGUAGE_STANDARD = gnu11;
				GCC_DYNAMIC_NO_PIC = NO;
				GCC_NO_COMMON_BLOCKS = YES;
				GCC_OPTIMIZATION_LEVEL = 0;
				GCC_PREPROCESSOR_DEFINITIONS = (
					"DEBUG=1",
					"$(inherited)",
				);
				GCC_WARN_64_TO_32_BIT_CONVERSION = YES;
				GCC_WARN_ABOUT_RETURN_TYPE = YES_ERROR;
				GCC_WARN_UNDECLARED_SELECTOR = YES;
				GCC_WARN_UNINITIALIZED_AUTOS = YES_AGGRESSIVE;
				GCC_WARN_UNUSED_FUNCTION = YES;
				GCC_WARN_UNUSED_VARIABLE = YES;
				IPHONEOS_DEPLOYMENT_TARGET = 15.4;
				MTL_ENABLE_DEBUG_INFO = INCLUDE_SOURCE;
				MTL_FAST_MATH = YES;
				ONLY_ACTIVE_ARCH = YES;
				SDKROOT = iphoneos;
				SWIFT_ACTIVE_COMPILATION_CONDITIONS = DEBUG;
				SWIFT_OPTIMIZATION_LEVEL = "-Onone";
			};
			name = Debug;
		};
		D0FB40FD28469F12004FDA17 /* Release */ = {
			isa = XCBuildConfiguration;
			buildSettings = {
				ALWAYS_SEARCH_USER_PATHS = NO;
				CLANG_ANALYZER_NONNULL = YES;
				CLANG_ANALYZER_NUMBER_OBJECT_CONVERSION = YES_AGGRESSIVE;
				CLANG_CXX_LANGUAGE_STANDARD = "gnu++17";
				CLANG_ENABLE_MODULES = YES;
				CLANG_ENABLE_OBJC_ARC = YES;
				CLANG_ENABLE_OBJC_WEAK = YES;
				CLANG_WARN_BLOCK_CAPTURE_AUTORELEASING = YES;
				CLANG_WARN_BOOL_CONVERSION = YES;
				CLANG_WARN_COMMA = YES;
				CLANG_WARN_CONSTANT_CONVERSION = YES;
				CLANG_WARN_DEPRECATED_OBJC_IMPLEMENTATIONS = YES;
				CLANG_WARN_DIRECT_OBJC_ISA_USAGE = YES_ERROR;
				CLANG_WARN_DOCUMENTATION_COMMENTS = YES;
				CLANG_WARN_EMPTY_BODY = YES;
				CLANG_WARN_ENUM_CONVERSION = YES;
				CLANG_WARN_INFINITE_RECURSION = YES;
				CLANG_WARN_INT_CONVERSION = YES;
				CLANG_WARN_NON_LITERAL_NULL_CONVERSION = YES;
				CLANG_WARN_OBJC_IMPLICIT_RETAIN_SELF = YES;
				CLANG_WARN_OBJC_LITERAL_CONVERSION = YES;
				CLANG_WARN_OBJC_ROOT_CLASS = YES_ERROR;
				CLANG_WARN_QUOTED_INCLUDE_IN_FRAMEWORK_HEADER = YES;
				CLANG_WARN_RANGE_LOOP_ANALYSIS = YES;
				CLANG_WARN_STRICT_PROTOTYPES = YES;
				CLANG_WARN_SUSPICIOUS_MOVE = YES;
				CLANG_WARN_UNGUARDED_AVAILABILITY = YES_AGGRESSIVE;
				CLANG_WARN_UNREACHABLE_CODE = YES;
				CLANG_WARN__DUPLICATE_METHOD_MATCH = YES;
				COPY_PHASE_STRIP = NO;
				DEBUG_INFORMATION_FORMAT = "dwarf-with-dsym";
				ENABLE_NS_ASSERTIONS = NO;
				ENABLE_STRICT_OBJC_MSGSEND = YES;
				GCC_C_LANGUAGE_STANDARD = gnu11;
				GCC_NO_COMMON_BLOCKS = YES;
				GCC_WARN_64_TO_32_BIT_CONVERSION = YES;
				GCC_WARN_ABOUT_RETURN_TYPE = YES_ERROR;
				GCC_WARN_UNDECLARED_SELECTOR = YES;
				GCC_WARN_UNINITIALIZED_AUTOS = YES_AGGRESSIVE;
				GCC_WARN_UNUSED_FUNCTION = YES;
				GCC_WARN_UNUSED_VARIABLE = YES;
				IPHONEOS_DEPLOYMENT_TARGET = 15.4;
				MTL_ENABLE_DEBUG_INFO = NO;
				MTL_FAST_MATH = YES;
				SDKROOT = iphoneos;
				SWIFT_COMPILATION_MODE = wholemodule;
				SWIFT_OPTIMIZATION_LEVEL = "-O";
				VALIDATE_PRODUCT = YES;
			};
			name = Release;
		};
		D0FB40FF28469F12004FDA17 /* Debug */ = {
			isa = XCBuildConfiguration;
			buildSettings = {
				ASSETCATALOG_COMPILER_APPICON_NAME = AppIcon;
				ASSETCATALOG_COMPILER_GLOBAL_ACCENT_COLOR_NAME = AccentColor;
				CODE_SIGN_STYLE = Automatic;
				CURRENT_PROJECT_VERSION = 1;
				GENERATE_INFOPLIST_FILE = YES;
				INFOPLIST_FILE = "coredata-demo/Info.plist";
				INFOPLIST_KEY_UIApplicationSupportsIndirectInputEvents = YES;
				INFOPLIST_KEY_UILaunchStoryboardName = LaunchScreen;
				INFOPLIST_KEY_UISupportedInterfaceOrientations_iPad = "UIInterfaceOrientationPortrait UIInterfaceOrientationPortraitUpsideDown UIInterfaceOrientationLandscapeLeft UIInterfaceOrientationLandscapeRight";
				INFOPLIST_KEY_UISupportedInterfaceOrientations_iPhone = "UIInterfaceOrientationPortrait UIInterfaceOrientationLandscapeLeft UIInterfaceOrientationLandscapeRight";
				LD_RUNPATH_SEARCH_PATHS = (
					"$(inherited)",
					"@executable_path/Frameworks",
				);
				MARKETING_VERSION = 1.0;
				PRODUCT_BUNDLE_IDENTIFIER = "vishalBhogal.coredata-demo";
				PRODUCT_NAME = "$(TARGET_NAME)";
				SWIFT_EMIT_LOC_STRINGS = YES;
				SWIFT_VERSION = 5.0;
				TARGETED_DEVICE_FAMILY = "1,2";
			};
			name = Debug;
		};
		D0FB410028469F12004FDA17 /* Release */ = {
			isa = XCBuildConfiguration;
			buildSettings = {
				ASSETCATALOG_COMPILER_APPICON_NAME = AppIcon;
				ASSETCATALOG_COMPILER_GLOBAL_ACCENT_COLOR_NAME = AccentColor;
				CODE_SIGN_STYLE = Automatic;
				CURRENT_PROJECT_VERSION = 1;
				GENERATE_INFOPLIST_FILE = YES;
				INFOPLIST_FILE = "coredata-demo/Info.plist";
				INFOPLIST_KEY_UIApplicationSupportsIndirectInputEvents = YES;
				INFOPLIST_KEY_UILaunchStoryboardName = LaunchScreen;
				INFOPLIST_KEY_UISupportedInterfaceOrientations_iPad = "UIInterfaceOrientationPortrait UIInterfaceOrientationPortraitUpsideDown UIInterfaceOrientationLandscapeLeft UIInterfaceOrientationLandscapeRight";
				INFOPLIST_KEY_UISupportedInterfaceOrientations_iPhone = "UIInterfaceOrientationPortrait UIInterfaceOrientationLandscapeLeft UIInterfaceOrientationLandscapeRight";
				LD_RUNPATH_SEARCH_PATHS = (
					"$(inherited)",
					"@executable_path/Frameworks",
				);
				MARKETING_VERSION = 1.0;
				PRODUCT_BUNDLE_IDENTIFIER = "vishalBhogal.coredata-demo";
				PRODUCT_NAME = "$(TARGET_NAME)";
				SWIFT_EMIT_LOC_STRINGS = YES;
				SWIFT_VERSION = 5.0;
				TARGETED_DEVICE_FAMILY = "1,2";
			};
			name = Release;
		};
		D0FB410228469F12004FDA17 /* Debug */ = {
			isa = XCBuildConfiguration;
			buildSettings = {
				ALWAYS_EMBED_SWIFT_STANDARD_LIBRARIES = YES;
				BUNDLE_LOADER = "$(TEST_HOST)";
				CODE_SIGN_STYLE = Automatic;
				CURRENT_PROJECT_VERSION = 1;
				GENERATE_INFOPLIST_FILE = YES;
				IPHONEOS_DEPLOYMENT_TARGET = 15.4;
				MARKETING_VERSION = 1.0;
				PRODUCT_BUNDLE_IDENTIFIER = "vishalBhogal.coredata-demoTests";
				PRODUCT_NAME = "$(TARGET_NAME)";
				SWIFT_EMIT_LOC_STRINGS = NO;
				SWIFT_VERSION = 5.0;
				TARGETED_DEVICE_FAMILY = "1,2";
				TEST_HOST = "$(BUILT_PRODUCTS_DIR)/coredata-demo.app/coredata-demo";
			};
			name = Debug;
		};
		D0FB410328469F12004FDA17 /* Release */ = {
			isa = XCBuildConfiguration;
			buildSettings = {
				ALWAYS_EMBED_SWIFT_STANDARD_LIBRARIES = YES;
				BUNDLE_LOADER = "$(TEST_HOST)";
				CODE_SIGN_STYLE = Automatic;
				CURRENT_PROJECT_VERSION = 1;
				GENERATE_INFOPLIST_FILE = YES;
				IPHONEOS_DEPLOYMENT_TARGET = 15.4;
				MARKETING_VERSION = 1.0;
				PRODUCT_BUNDLE_IDENTIFIER = "vishalBhogal.coredata-demoTests";
				PRODUCT_NAME = "$(TARGET_NAME)";
				SWIFT_EMIT_LOC_STRINGS = NO;
				SWIFT_VERSION = 5.0;
				TARGETED_DEVICE_FAMILY = "1,2";
				TEST_HOST = "$(BUILT_PRODUCTS_DIR)/coredata-demo.app/coredata-demo";
			};
			name = Release;
		};
		D0FB410528469F12004FDA17 /* Debug */ = {
			isa = XCBuildConfiguration;
			buildSettings = {
				ALWAYS_EMBED_SWIFT_STANDARD_LIBRARIES = YES;
				CODE_SIGN_STYLE = Automatic;
				CURRENT_PROJECT_VERSION = 1;
				GENERATE_INFOPLIST_FILE = YES;
				MARKETING_VERSION = 1.0;
				PRODUCT_BUNDLE_IDENTIFIER = "vishalBhogal.coredata-demoUITests";
				PRODUCT_NAME = "$(TARGET_NAME)";
				SWIFT_EMIT_LOC_STRINGS = NO;
				SWIFT_VERSION = 5.0;
				TARGETED_DEVICE_FAMILY = "1,2";
				TEST_TARGET_NAME = "coredata-demo";
			};
			name = Debug;
		};
		D0FB410628469F12004FDA17 /* Release */ = {
			isa = XCBuildConfiguration;
			buildSettings = {
				ALWAYS_EMBED_SWIFT_STANDARD_LIBRARIES = YES;
				CODE_SIGN_STYLE = Automatic;
				CURRENT_PROJECT_VERSION = 1;
				GENERATE_INFOPLIST_FILE = YES;
				MARKETING_VERSION = 1.0;
				PRODUCT_BUNDLE_IDENTIFIER = "vishalBhogal.coredata-demoUITests";
				PRODUCT_NAME = "$(TARGET_NAME)";
				SWIFT_EMIT_LOC_STRINGS = NO;
				SWIFT_VERSION = 5.0;
				TARGETED_DEVICE_FAMILY = "1,2";
				TEST_TARGET_NAME = "coredata-demo";
			};
			name = Release;
		};
/* End XCBuildConfiguration section */

/* Begin XCConfigurationList section */
		D0FB40CC28469F11004FDA17 /* Build configuration list for PBXProject "coredata-demo" */ = {
			isa = XCConfigurationList;
			buildConfigurations = (
				D0FB40FC28469F12004FDA17 /* Debug */,
				D0FB40FD28469F12004FDA17 /* Release */,
			);
			defaultConfigurationIsVisible = 0;
			defaultConfigurationName = Release;
		};
		D0FB40FE28469F12004FDA17 /* Build configuration list for PBXNativeTarget "coredata-demo" */ = {
			isa = XCConfigurationList;
			buildConfigurations = (
				D0FB40FF28469F12004FDA17 /* Debug */,
				D0FB410028469F12004FDA17 /* Release */,
			);
			defaultConfigurationIsVisible = 0;
			defaultConfigurationName = Release;
		};
		D0FB410128469F12004FDA17 /* Build configuration list for PBXNativeTarget "coredata-demoTests" */ = {
			isa = XCConfigurationList;
			buildConfigurations = (
				D0FB410228469F12004FDA17 /* Debug */,
				D0FB410328469F12004FDA17 /* Release */,
			);
			defaultConfigurationIsVisible = 0;
			defaultConfigurationName = Release;
		};
		D0FB410428469F12004FDA17 /* Build configuration list for PBXNativeTarget "coredata-demoUITests" */ = {
			isa = XCConfigurationList;
			buildConfigurations = (
				D0FB410528469F12004FDA17 /* Debug */,
				D0FB410628469F12004FDA17 /* Release */,
			);
			defaultConfigurationIsVisible = 0;
			defaultConfigurationName = Release;
		};
/* End XCConfigurationList section */

/* Begin XCVersionGroup section */
		D0FB40DD28469F11004FDA17 /* coredata_demo.xcdatamodeld */ = {
			isa = XCVersionGroup;
			children = (
				D0FB40DE28469F11004FDA17 /* coredata_demo.xcdatamodel */,
			);
			currentVersion = D0FB40DE28469F11004FDA17 /* coredata_demo.xcdatamodel */;
			path = coredata_demo.xcdatamodeld;
			sourceTree = "<group>";
			versionGroupType = wrapper.xcdatamodel;
		};
/* End XCVersionGroup section */
	};
	rootObject = D0FB40C928469F11004FDA17 /* Project object */;
}
